{
  "requires": true,
  "lockfileVersion": 1,
  "dependencies": {
    "clsx": {
      "version": "1.1.1",
      "resolved": "https://registry.npmjs.org/clsx/-/clsx-1.1.1.tgz",
      "integrity": "sha512-6/bPho624p3S2pMyvP5kKBPXnI3ufHLObBFCfgx+LkeR5lg2XYy2hqZqUf45ypD8COn2bhgGJSUE+l5dhNBieA=="
    },
    "react-data-grid": {
      "version": "7.0.0-canary.33",
      "resolved": "https://registry.npmjs.org/react-data-grid/-/react-data-grid-7.0.0-canary.33.tgz",
      "integrity": "sha512-S6bX+DoEQ8M+rhX8NEs4WyefCxEB/7Vp5KVrbSeQvkzf91pZaQ5G4+OmLJf2n6i1+faWoL9/l40KozD80iZkXg==",
      "requires": {
        "clsx": "^1.1.1"
      }
    }
  }
}
